// !$*UTF8*$!
{
	archiveVersion = 1;
	classes = {
	};
	objectVersion = 46;
	objects = {

/* Begin PBXBuildFile section */
		4BF7B14D198B3EF300C38D17 /* AppDelegate.swift in Sources */ = {isa = PBXBuildFile; fileRef = 4BF7B14C198B3EF300C38D17 /* AppDelegate.swift */; };
		4BF7B14F198B3EF300C38D17 /* ViewController.swift in Sources */ = {isa = PBXBuildFile; fileRef = 4BF7B14E198B3EF300C38D17 /* ViewController.swift */; };
		4BF7B152198B3EF300C38D17 /* Main.storyboard in Resources */ = {isa = PBXBuildFile; fileRef = 4BF7B150198B3EF300C38D17 /* Main.storyboard */; };
		4BF7B154198B3EF400C38D17 /* Images.xcassets in Resources */ = {isa = PBXBuildFile; fileRef = 4BF7B153198B3EF400C38D17 /* Images.xcassets */; };
		4BF7B160198B3EF400C38D17 /* NikolaTests.swift in Sources */ = {isa = PBXBuildFile; fileRef = 4BF7B15F198B3EF400C38D17 /* NikolaTests.swift */; };
		4BF7B16A198B3F2500C38D17 /* StripView.xib in Resources */ = {isa = PBXBuildFile; fileRef = 4BF7B169198B3F2500C38D17 /* StripView.xib */; };
		4BF7B16C198B3F3800C38D17 /* StripView.swift in Sources */ = {isa = PBXBuildFile; fileRef = 4BF7B16B198B3F3800C38D17 /* StripView.swift */; };
		4BF7B16E198B3F4F00C38D17 /* UIView+NibLoader.swift in Sources */ = {isa = PBXBuildFile; fileRef = 4BF7B16D198B3F4F00C38D17 /* UIView+NibLoader.swift */; };
		4BF7B170198B460300C38D17 /* StripViewController.swift in Sources */ = {isa = PBXBuildFile; fileRef = 4BF7B16F198B460300C38D17 /* StripViewController.swift */; };
/* End PBXBuildFile section */

/* Begin PBXContainerItemProxy section */
		4BF7B15A198B3EF400C38D17 /* PBXContainerItemProxy */ = {
			isa = PBXContainerItemProxy;
			containerPortal = 4BF7B13F198B3EF300C38D17 /* Project object */;
			proxyType = 1;
			remoteGlobalIDString = 4BF7B146198B3EF300C38D17;
			remoteInfo = Nikola;
		};
/* End PBXContainerItemProxy section */

/* Begin PBXFileReference section */
		4BF7B147198B3EF300C38D17 /* Nikola.app */ = {isa = PBXFileReference; explicitFileType = wrapper.application; includeInIndex = 0; path = Nikola.app; sourceTree = BUILT_PRODUCTS_DIR; };
		4BF7B14B198B3EF300C38D17 /* Info.plist */ = {isa = PBXFileReference; lastKnownFileType = text.plist.xml; path = Info.plist; sourceTree = "<group>"; };
		4BF7B14C198B3EF300C38D17 /* AppDelegate.swift */ = {isa = PBXFileReference; lastKnownFileType = sourcecode.swift; path = AppDelegate.swift; sourceTree = "<group>"; };
		4BF7B14E198B3EF300C38D17 /* ViewController.swift */ = {isa = PBXFileReference; lastKnownFileType = sourcecode.swift; path = ViewController.swift; sourceTree = "<group>"; };
		4BF7B151198B3EF300C38D17 /* Base */ = {isa = PBXFileReference; lastKnownFileType = file.storyboard; name = Base; path = Base.lproj/Main.storyboard; sourceTree = "<group>"; };
		4BF7B153198B3EF400C38D17 /* Images.xcassets */ = {isa = PBXFileReference; lastKnownFileType = folder.assetcatalog; path = Images.xcassets; sourceTree = "<group>"; };
		4BF7B159198B3EF400C38D17 /* NikolaTests.xctest */ = {isa = PBXFileReference; explicitFileType = wrapper.cfbundle; includeInIndex = 0; path = NikolaTests.xctest; sourceTree = BUILT_PRODUCTS_DIR; };
		4BF7B15E198B3EF400C38D17 /* Info.plist */ = {isa = PBXFileReference; lastKnownFileType = text.plist.xml; path = Info.plist; sourceTree = "<group>"; };
		4BF7B15F198B3EF400C38D17 /* NikolaTests.swift */ = {isa = PBXFileReference; lastKnownFileType = sourcecode.swift; path = NikolaTests.swift; sourceTree = "<group>"; };
		4BF7B169198B3F2500C38D17 /* StripView.xib */ = {isa = PBXFileReference; fileEncoding = 4; lastKnownFileType = file.xib; path = StripView.xib; sourceTree = "<group>"; };
		4BF7B16B198B3F3800C38D17 /* StripView.swift */ = {isa = PBXFileReference; fileEncoding = 4; lastKnownFileType = sourcecode.swift; path = StripView.swift; sourceTree = "<group>"; };
		4BF7B16D198B3F4F00C38D17 /* UIView+NibLoader.swift */ = {isa = PBXFileReference; fileEncoding = 4; lastKnownFileType = sourcecode.swift; path = "UIView+NibLoader.swift"; sourceTree = "<group>"; };
		4BF7B16F198B460300C38D17 /* StripViewController.swift */ = {isa = PBXFileReference; fileEncoding = 4; lastKnownFileType = sourcecode.swift; path = StripViewController.swift; sourceTree = "<group>"; };
/* End PBXFileReference section */

/* Begin PBXFrameworksBuildPhase section */
		4BF7B144198B3EF300C38D17 /* Frameworks */ = {
			isa = PBXFrameworksBuildPhase;
			buildActionMask = 2147483647;
			files = (
			);
			runOnlyForDeploymentPostprocessing = 0;
		};
		4BF7B156198B3EF400C38D17 /* Frameworks */ = {
			isa = PBXFrameworksBuildPhase;
			buildActionMask = 2147483647;
			files = (
			);
			runOnlyForDeploymentPostprocessing = 0;
		};
/* End PBXFrameworksBuildPhase section */

/* Begin PBXGroup section */
		4BF7B13E198B3EF300C38D17 = {
			isa = PBXGroup;
			children = (
				4BF7B149198B3EF300C38D17 /* Nikola */,
				4BF7B15C198B3EF400C38D17 /* NikolaTests */,
				4BF7B148198B3EF300C38D17 /* Products */,
			);
			sourceTree = "<group>";
		};
		4BF7B148198B3EF300C38D17 /* Products */ = {
			isa = PBXGroup;
			children = (
				4BF7B147198B3EF300C38D17 /* Nikola.app */,
				4BF7B159198B3EF400C38D17 /* NikolaTests.xctest */,
			);
			name = Products;
			sourceTree = "<group>";
		};
		4BF7B149198B3EF300C38D17 /* Nikola */ = {
			isa = PBXGroup;
			children = (
				4BF7B14C198B3EF300C38D17 /* AppDelegate.swift */,
				4BF7B14E198B3EF300C38D17 /* ViewController.swift */,
				4BF7B16F198B460300C38D17 /* StripViewController.swift */,
				4BF7B150198B3EF300C38D17 /* Main.storyboard */,
				4BF7B153198B3EF400C38D17 /* Images.xcassets */,
				4BF7B14A198B3EF300C38D17 /* Supporting Files */,
				4BF7B169198B3F2500C38D17 /* StripView.xib */,
				4BF7B16B198B3F3800C38D17 /* StripView.swift */,
				4BF7B16D198B3F4F00C38D17 /* UIView+NibLoader.swift */,
			);
			path = Nikola;
			sourceTree = "<group>";
		};
		4BF7B14A198B3EF300C38D17 /* Supporting Files */ = {
			isa = PBXGroup;
			children = (
				4BF7B14B198B3EF300C38D17 /* Info.plist */,
			);
			name = "Supporting Files";
			sourceTree = "<group>";
		};
		4BF7B15C198B3EF400C38D17 /* NikolaTests */ = {
			isa = PBXGroup;
			children = (
				4BF7B15F198B3EF400C38D17 /* NikolaTests.swift */,
				4BF7B15D198B3EF400C38D17 /* Supporting Files */,
			);
			path = NikolaTests;
			sourceTree = "<group>";
		};
		4BF7B15D198B3EF400C38D17 /* Supporting Files */ = {
			isa = PBXGroup;
			children = (
				4BF7B15E198B3EF400C38D17 /* Info.plist */,
			);
			name = "Supporting Files";
			sourceTree = "<group>";
		};
/* End PBXGroup section */

/* Begin PBXNativeTarget section */
		4BF7B146198B3EF300C38D17 /* Nikola */ = {
			isa = PBXNativeTarget;
			buildConfigurationList = 4BF7B163198B3EF400C38D17 /* Build configuration list for PBXNativeTarget "Nikola" */;
			buildPhases = (
				4BF7B143198B3EF300C38D17 /* Sources */,
				4BF7B144198B3EF300C38D17 /* Frameworks */,
				4BF7B145198B3EF300C38D17 /* Resources */,
			);
			buildRules = (
			);
			dependencies = (
			);
			name = Nikola;
			productName = Nikola;
			productReference = 4BF7B147198B3EF300C38D17 /* Nikola.app */;
			productType = "com.apple.product-type.application";
		};
		4BF7B158198B3EF400C38D17 /* NikolaTests */ = {
			isa = PBXNativeTarget;
			buildConfigurationList = 4BF7B166198B3EF400C38D17 /* Build configuration list for PBXNativeTarget "NikolaTests" */;
			buildPhases = (
				4BF7B155198B3EF400C38D17 /* Sources */,
				4BF7B156198B3EF400C38D17 /* Frameworks */,
				4BF7B157198B3EF400C38D17 /* Resources */,
			);
			buildRules = (
			);
			dependencies = (
				4BF7B15B198B3EF400C38D17 /* PBXTargetDependency */,
			);
			name = NikolaTests;
			productName = NikolaTests;
			productReference = 4BF7B159198B3EF400C38D17 /* NikolaTests.xctest */;
			productType = "com.apple.product-type.bundle.unit-test";
		};
/* End PBXNativeTarget section */

/* Begin PBXProject section */
		4BF7B13F198B3EF300C38D17 /* Project object */ = {
			isa = PBXProject;
			attributes = {
				LastUpgradeCheck = 0600;
				ORGANIZATIONNAME = fuseproject;
				TargetAttributes = {
					4BF7B146198B3EF300C38D17 = {
						CreatedOnToolsVersion = 6.0;
					};
					4BF7B158198B3EF400C38D17 = {
						CreatedOnToolsVersion = 6.0;
						TestTargetID = 4BF7B146198B3EF300C38D17;
					};
				};
			};
			buildConfigurationList = 4BF7B142198B3EF300C38D17 /* Build configuration list for PBXProject "Nikola" */;
			compatibilityVersion = "Xcode 3.2";
			developmentRegion = English;
			hasScannedForEncodings = 0;
			knownRegions = (
				en,
				Base,
			);
			mainGroup = 4BF7B13E198B3EF300C38D17;
			productRefGroup = 4BF7B148198B3EF300C38D17 /* Products */;
			projectDirPath = "";
			projectRoot = "";
			targets = (
				4BF7B146198B3EF300C38D17 /* Nikola */,
				4BF7B158198B3EF400C38D17 /* NikolaTests */,
			);
		};
/* End PBXProject section */

/* Begin PBXResourcesBuildPhase section */
		4BF7B145198B3EF300C38D17 /* Resources */ = {
			isa = PBXResourcesBuildPhase;
			buildActionMask = 2147483647;
			files = (
				4BF7B16A198B3F2500C38D17 /* StripView.xib in Resources */,
				4BF7B152198B3EF300C38D17 /* Main.storyboard in Resources */,
				4BF7B154198B3EF400C38D17 /* Images.xcassets in Resources */,
			);
			runOnlyForDeploymentPostprocessing = 0;
		};
		4BF7B157198B3EF400C38D17 /* Resources */ = {
			isa = PBXResourcesBuildPhase;
			buildActionMask = 2147483647;
			files = (
			);
			runOnlyForDeploymentPostprocessing = 0;
		};
/* End PBXResourcesBuildPhase section */

/* Begin PBXSourcesBuildPhase section */
		4BF7B143198B3EF300C38D17 /* Sources */ = {
			isa = PBXSourcesBuildPhase;
			buildActionMask = 2147483647;
			files = (
				4BF7B14F198B3EF300C38D17 /* ViewController.swift in Sources */,
				4BF7B16E198B3F4F00C38D17 /* UIView+NibLoader.swift in Sources */,
				4BF7B14D198B3EF300C38D17 /* AppDelegate.swift in Sources */,
				4BF7B170198B460300C38D17 /* StripViewController.swift in Sources */,
				4BF7B16C198B3F3800C38D17 /* StripView.swift in Sources */,
			);
			runOnlyForDeploymentPostprocessing = 0;
		};
		4BF7B155198B3EF400C38D17 /* Sources */ = {
			isa = PBXSourcesBuildPhase;
			buildActionMask = 2147483647;
			files = (
				4BF7B160198B3EF400C38D17 /* NikolaTests.swift in Sources */,
			);
			runOnlyForDeploymentPostprocessing = 0;
		};
/* End PBXSourcesBuildPhase section */

/* Begin PBXTargetDependency section */
		4BF7B15B198B3EF400C38D17 /* PBXTargetDependency */ = {
			isa = PBXTargetDependency;
			target = 4BF7B146198B3EF300C38D17 /* Nikola */;
			targetProxy = 4BF7B15A198B3EF400C38D17 /* PBXContainerItemProxy */;
		};
/* End PBXTargetDependency section */

/* Begin PBXVariantGroup section */
		4BF7B150198B3EF300C38D17 /* Main.storyboard */ = {
			isa = PBXVariantGroup;
			children = (
				4BF7B151198B3EF300C38D17 /* Base */,
			);
			name = Main.storyboard;
			sourceTree = "<group>";
		};
/* End PBXVariantGroup section */

/* Begin XCBuildConfiguration section */
		4BF7B161198B3EF400C38D17 /* Debug */ = {
			isa = XCBuildConfiguration;
			buildSettings = {
				ALWAYS_SEARCH_USER_PATHS = NO;
				CLANG_CXX_LANGUAGE_STANDARD = "gnu++0x";
				CLANG_CXX_LIBRARY = "libc++";
				CLANG_ENABLE_MODULES = YES;
				CLANG_ENABLE_OBJC_ARC = YES;
				CLANG_WARN_BOOL_CONVERSION = YES;
				CLANG_WARN_CONSTANT_CONVERSION = YES;
				CLANG_WARN_DIRECT_OBJC_ISA_USAGE = YES_ERROR;
				CLANG_WARN_EMPTY_BODY = YES;
				CLANG_WARN_ENUM_CONVERSION = YES;
				CLANG_WARN_INT_CONVERSION = YES;
				CLANG_WARN_OBJC_ROOT_CLASS = YES_ERROR;
				CLANG_WARN_UNREACHABLE_CODE = YES;
				CLANG_WARN__DUPLICATE_METHOD_MATCH = YES;
				"CODE_SIGN_IDENTITY[sdk=iphoneos*]" = "iPhone Developer";
				COPY_PHASE_STRIP = NO;
				ENABLE_STRICT_OBJC_MSGSEND = YES;
				GCC_C_LANGUAGE_STANDARD = gnu99;
				GCC_DYNAMIC_NO_PIC = NO;
				GCC_OPTIMIZATION_LEVEL = 0;
				GCC_PREPROCESSOR_DEFINITIONS = (
					"DEBUG=1",
					"$(inherited)",
				);
				GCC_SYMBOLS_PRIVATE_EXTERN = NO;
				GCC_WARN_64_TO_32_BIT_CONVERSION = YES;
				GCC_WARN_ABOUT_RETURN_TYPE = YES_ERROR;
				GCC_WARN_UNDECLARED_SELECTOR = YES;
				GCC_WARN_UNINITIALIZED_AUTOS = YES_AGGRESSIVE;
				GCC_WARN_UNUSED_FUNCTION = YES;
				GCC_WARN_UNUSED_VARIABLE = YES;
				IPHONEOS_DEPLOYMENT_TARGET = 8.0;
				MTL_ENABLE_DEBUG_INFO = YES;
				ONLY_ACTIVE_ARCH = YES;
				SDKROOT = iphoneos;
				SWIFT_OPTIMIZATION_LEVEL = "-Onone";
			};
			name = Debug;
		};
		4BF7B162198B3EF400C38D17 /* Release */ = {
			isa = XCBuildConfiguration;
			buildSettings = {
				ALWAYS_SEARCH_USER_PATHS = NO;
				CLANG_CXX_LANGUAGE_STANDARD = "gnu++0x";
				CLANG_CXX_LIBRARY = "libc++";
				CLANG_ENABLE_MODULES = YES;
				CLANG_ENABLE_OBJC_ARC = YES;
				CLANG_WARN_BOOL_CONVERSION = YES;
				CLANG_WARN_CONSTANT_CONVERSION = YES;
				CLANG_WARN_DIRECT_OBJC_ISA_USAGE = YES_ERROR;
				CLANG_WARN_EMPTY_BODY = YES;
				CLANG_WARN_ENUM_CONVERSION = YES;
				CLANG_WARN_INT_CONVERSION = YES;
				CLANG_WARN_OBJC_ROOT_CLASS = YES_ERROR;
				CLANG_WARN_UNREACHABLE_CODE = YES;
				CLANG_WARN__DUPLICATE_METHOD_MATCH = YES;
				"CODE_SIGN_IDENTITY[sdk=iphoneos*]" = "iPhone Developer";
				COPY_PHASE_STRIP = YES;
				ENABLE_NS_ASSERTIONS = NO;
				ENABLE_STRICT_OBJC_MSGSEND = YES;
				GCC_C_LANGUAGE_STANDARD = gnu99;
				GCC_WARN_64_TO_32_BIT_CONVERSION = YES;
				GCC_WARN_ABOUT_RETURN_TYPE = YES_ERROR;
				GCC_WARN_UNDECLARED_SELECTOR = YES;
				GCC_WARN_UNINITIALIZED_AUTOS = YES_AGGRESSIVE;
				GCC_WARN_UNUSED_FUNCTION = YES;
				GCC_WARN_UNUSED_VARIABLE = YES;
				IPHONEOS_DEPLOYMENT_TARGET = 8.0;
				MTL_ENABLE_DEBUG_INFO = NO;
				SDKROOT = iphoneos;
				VALIDATE_PRODUCT = YES;
			};
			name = Release;
		};
		4BF7B164198B3EF400C38D17 /* Debug */ = {
			isa = XCBuildConfiguration;
			buildSettings = {
				ASSETCATALOG_COMPILER_APPICON_NAME = AppIcon;
				ASSETCATALOG_COMPILER_LAUNCHIMAGE_NAME = LaunchImage;
				INFOPLIST_FILE = Nikola/Info.plist;
				LD_RUNPATH_SEARCH_PATHS = "$(inherited) @executable_path/Frameworks";
				PRODUCT_NAME = "$(TARGET_NAME)";
			};
			name = Debug;
		};
		4BF7B165198B3EF400C38D17 /* Release */ = {
			isa = XCBuildConfiguration;
			buildSettings = {
				ASSETCATALOG_COMPILER_APPICON_NAME = AppIcon;
				ASSETCATALOG_COMPILER_LAUNCHIMAGE_NAME = LaunchImage;
				INFOPLIST_FILE = Nikola/Info.plist;
				LD_RUNPATH_SEARCH_PATHS = "$(inherited) @executable_path/Frameworks";
				PRODUCT_NAME = "$(TARGET_NAME)";
			};
			name = Release;
		};
		4BF7B167198B3EF400C38D17 /* Debug */ = {
			isa = XCBuildConfiguration;
			buildSettings = {
				BUNDLE_LOADER = "$(BUILT_PRODUCTS_DIR)/Nikola.app/Nikola";
				FRAMEWORK_SEARCH_PATHS = (
					"$(SDKROOT)/Developer/Library/Frameworks",
					"$(inherited)",
				);
				GCC_PREPROCESSOR_DEFINITIONS = (
					"DEBUG=1",
					"$(inherited)",
				);
				INFOPLIST_FILE = NikolaTests/Info.plist;
				LD_RUNPATH_SEARCH_PATHS = "$(inherited) @executable_path/Frameworks @loader_path/Frameworks";
				PRODUCT_NAME = "$(TARGET_NAME)";
				TEST_HOST = "$(BUNDLE_LOADER)";
			};
			name = Debug;
		};
		4BF7B168198B3EF400C38D17 /* Release */ = {
			isa = XCBuildConfiguration;
			buildSettings = {
				BUNDLE_LOADER = "$(BUILT_PRODUCTS_DIR)/Nikola.app/Nikola";
				FRAMEWORK_SEARCH_PATHS = (
					"$(SDKROOT)/Developer/Library/Frameworks",
					"$(inherited)",
				);
				INFOPLIST_FILE = NikolaTests/Info.plist;
				LD_RUNPATH_SEARCH_PATHS = "$(inherited) @executable_path/Frameworks @loader_path/Frameworks";
				PRODUCT_NAME = "$(TARGET_NAME)";
				TEST_HOST = "$(BUNDLE_LOADER)";
			};
			name = Release;
		};
/* End XCBuildConfiguration section */

/* Begin XCConfigurationList section */
		4BF7B142198B3EF300C38D17 /* Build configuration list for PBXProject "Nikola" */ = {
			isa = XCConfigurationList;
			buildConfigurations = (
				4BF7B161198B3EF400C38D17 /* Debug */,
				4BF7B162198B3EF400C38D17 /* Release */,
			);
			defaultConfigurationIsVisible = 0;
			defaultConfigurationName = Release;
		};
		4BF7B163198B3EF400C38D17 /* Build configuration list for PBXNativeTarget "Nikola" */ = {
			isa = XCConfigurationList;
			buildConfigurations = (
				4BF7B164198B3EF400C38D17 /* Debug */,
				4BF7B165198B3EF400C38D17 /* Release */,
			);
			defaultConfigurationIsVisible = 0;
		};
		4BF7B166198B3EF400C38D17 /* Build configuration list for PBXNativeTarget "NikolaTests" */ = {
			isa = XCConfigurationList;
			buildConfigurations = (
				4BF7B167198B3EF400C38D17 /* Debug */,
				4BF7B168198B3EF400C38D17 /* Release */,
			);
			defaultConfigurationIsVisible = 0;
		};
/* End XCConfigurationList section */
	};
	rootObject = 4BF7B13F198B3EF300C38D17 /* Project object */;
}
